{
  "nodes": {
    "betterfox": {
      "flake": false,
      "locked": {
        "lastModified": 1780192992,
        "narHash": "sha256-1eC6DowuP9PzaLxh1t2FKzUeJFw/ppimXIiwyJsRKwc=",
        "owner": "yokoffing",
        "repo": "Betterfox",
        "rev": "c97bc0639609f35ff9d65522e3ddb03dac69e938",
        "type": "github"
      },
      "original": {
        "owner": "yokoffing",
        "repo": "Betterfox",
        "type": "github"
      }
    },
    "catppuccin-firefox": {
      "flake": false,
      "locked": {
        "lastModified": 1689695410,
        "narHash": "sha256-8yZA3Amus00xORmxDJxgKmbH4zou+OpMfSYV7vMS4P8=",
        "owner": "catppuccin",
        "repo": "firefox",
        "rev": "1aa345a3312f0a649068418679ceb81a9c599d36",
        "type": "github"
      },
      "original": {
        "owner": "catppuccin",
        "repo": "firefox",
        "type": "github"
      }
    },
    "crane": {
      "locked": {
        "lastModified": 1776394852,
        "narHash": "sha256-K0i9GoNk2To1RQkW348EY4c7RYf3mD74hWlGSc/9sk0=",
        "rev": "db220b8709cea4bd43c9adcd4192f212fb6768d1",
        "revCount": 839,
        "type": "tarball",
        "url": "https://api.flakehub.com/f/pinned/ipetkov/crane/0.23.3/019d9966-e100-7831-aae4-a70427980cdf/source.tar.gz"
      },
      "original": {
        "type": "tarball",
        "url": "https://flakehub.com/f/ipetkov/crane/0"
      }
    },
    "danksearch": {
      "inputs": {
        "nixpkgs": [
          "nixpkgs"
        ]
      },
      "locked": {
        "lastModified": 1779650358,
        "narHash": "sha256-53a8H1NhppF1Wte4XRm78AAb23ZVOda2vlmpV4sa90U=",
        "owner": "AvengeMedia",
        "repo": "danksearch",
        "rev": "e4be0825f06370d506e4755cfeae97247a18586f",
        "type": "github"
      },
      "original": {
        "owner": "AvengeMedia",
        "repo": "danksearch",
        "type": "github"
      }
    },
    "dgop": {
      "inputs": {
        "nixpkgs": [
          "nixpkgs"
        ]
      },
      "locked": {
        "lastModified": 1778679554,
        "narHash": "sha256-zoPgnxIlDja91/4TmnCui+Fzc/xU/1jdJFu9bovtOk8=",
        "owner": "AvengeMedia",
        "repo": "dgop",
        "rev": "06574b54fa4878a93d8605962d50b13e9528a4ca",
        "type": "github"
      },
      "original": {
        "owner": "AvengeMedia",
        "repo": "dgop",
        "type": "github"
      }
    },
    "disko": {
      "inputs": {
        "nixpkgs": [
          "nixpkgs"
        ]
      },
      "locked": {
        "lastModified": 1781152676,
        "narHash": "sha256-RxWs5ND31KzTG7wvMM+PMfUjyNpmIEr999lqNARaM5o=",
        "owner": "nix-community",
        "repo": "disko",
        "rev": "ff8702b4de27f72b4c78573dfb89ec74e36abdf1",
        "type": "github"
      },
      "original": {
        "owner": "nix-community",
        "repo": "disko",
        "type": "github"
      }
    },
    "dms": {
      "inputs": {
        "flake-compat": "flake-compat",
        "nixpkgs": [
          "nixpkgs"
        ]
      },
      "locked": {
        "lastModified": 1781308853,
        "narHash": "sha256-BbQrn32/xDmK6HMX7QAxWChInAsbgc+ZqybMnGpit8U=",
        "owner": "AvengeMedia",
        "repo": "DankMaterialShell",
        "rev": "3701b3d7a3c20c5c208ce45fd530feb8eb71af78",
        "type": "github"
      },
      "original": {
        "owner": "AvengeMedia",
        "repo": "DankMaterialShell",
        "type": "github"
      }
    },
    "fenix": {
      "inputs": {
        "nixpkgs": [
          "flakehub",
          "nixpkgs"
        ],
        "rust-analyzer-src": "rust-analyzer-src"
      },
      "locked": {
        "lastModified": 1777624102,
        "narHash": "sha256-thSyElkje577x/kAbP72nHlfiFc1a+tCudskLPHXe9s=",
        "rev": "4d81601e0b73f20d81d066754ad0e7d1e7f75a06",
        "revCount": 2646,
        "type": "tarball",
        "url": "https://api.flakehub.com/f/pinned/nix-community/fenix/0.1.2646%2Brev-4d81601e0b73f20d81d066754ad0e7d1e7f75a06/019de2eb-4157-78e2-99a4-47e0ab7416f5/source.tar.gz"
      },
      "original": {
        "type": "tarball",
        "url": "https://flakehub.com/f/nix-community/fenix/0.1"
      }
    },
    "flake-compat": {
      "flake": false,
      "locked": {
        "lastModified": 1767039857,
        "narHash": "sha256-vNpUSpF5Nuw8xvDLj2KCwwksIbjua2LZCqhV1LNRDns=",
        "owner": "NixOS",
        "repo": "flake-compat",
        "rev": "5edf11c44bc78a0d334f6334cdaf7d60d732daab",
        "type": "github"
      },
      "original": {
        "owner": "NixOS",
        "repo": "flake-compat",
        "type": "github"
      }
    },
    "flake-parts": {
      "inputs": {
        "nixpkgs-lib": [
          "nixvim",
          "nixpkgs"
        ]
      },
      "locked": {
        "lastModified": 1778716662,
        "narHash": "sha256-m1Yf0wZ8j1OHjTc2UwHwyQRSnNeSgLJOd7q5Y45hzi4=",
        "owner": "hercules-ci",
        "repo": "flake-parts",
        "rev": "f7c1a2d347e4c52d5fb8d10cb4d94b5884e546fb",
        "type": "github"
      },
      "original": {
        "owner": "hercules-ci",
        "repo": "flake-parts",
        "type": "github"
      }
    },
    "flake-utils": {
      "inputs": {
        "systems": "systems_2"
      },
      "locked": {
        "lastModified": 1681202837,
        "narHash": "sha256-H+Rh19JDwRtpVPAWp64F+rlEtxUWBAQW28eAi3SRSzg=",
        "owner": "numtide",
        "repo": "flake-utils",
        "rev": "cfacdce06f30d2b68473a46042957675eebb3401",
        "type": "github"
      },
      "original": {
        "owner": "numtide",
        "repo": "flake-utils",
        "type": "github"
      }
    },
    "flakehub": {
      "inputs": {
        "crane": "crane",
        "fenix": "fenix",
        "nixpkgs": "nixpkgs"
      },
      "locked": {
        "lastModified": 1778690486,
        "narHash": "sha256-Nk132msk7uzjpGjYSpOHVhkyw6dcp+T5Bm2vcXDirEU=",
        "owner": "DeterminateSystems",
        "repo": "fh",
        "rev": "60bc295f78863baaeed36500c1b2b5527b053769",
        "type": "github"
      },
      "original": {
        "owner": "DeterminateSystems",
        "repo": "fh",
        "type": "github"
      }
    },
    "home-manager": {
      "inputs": {
        "nixpkgs": [
          "nixpkgs"
        ]
      },
      "locked": {
        "lastModified": 1781319724,
        "narHash": "sha256-ZGuxexEMo4Xv28KJ0dX/m/PHN4oZIOnxHZpNTyrvx4M=",
        "owner": "nix-community",
        "repo": "home-manager",
        "rev": "8355f0a16b2dbb06a97959a918af5b239bbe05ae",
        "type": "github"
      },
      "original": {
        "owner": "nix-community",
        "ref": "release-26.05",
        "repo": "home-manager",
        "type": "github"
      }
    },
    "nixpkgs": {
      "locked": {
        "lastModified": 1777954456,
        "narHash": "sha256-hGdgeU2Nk87RAuZyYjyDjFL6LK7dAZN5RE9+hrDTkDU=",
        "rev": "549bd84d6279f9852cae6225e372cc67fb91a4c1",
        "revCount": 992384,
        "type": "tarball",
        "url": "https://api.flakehub.com/f/pinned/NixOS/nixpkgs/0.1.992384%2Brev-549bd84d6279f9852cae6225e372cc67fb91a4c1/019df915-70b5-73a2-a5a4-63c620b45d9f/source.tar.gz"
      },
      "original": {
        "type": "tarball",
        "url": "https://flakehub.com/f/NixOS/nixpkgs/0.1"
      }
    },
    "nixpkgs_2": {
      "locked": {
        "lastModified": 1780902259,
        "narHash": "sha256-q8yYEC5f1mFlQO9RGna4LTc9QrcvWunX6FYp83munkQ=",
        "owner": "NixOS",
        "repo": "nixpkgs",
        "rev": "bd0ff2d3eac24699c3664d5966b9ef36f388e2ca",
        "type": "github"
      },
      "original": {
        "owner": "NixOS",
        "ref": "nixos-26.05",
        "repo": "nixpkgs",
        "type": "github"
      }
    },
    "nixpkgs_3": {
      "locked": {
        "lastModified": 1780453794,
        "narHash": "sha256-bXMRa9VTsHSPXL4Cw8R6JJLQeY3Y/IP4+YJCYVmQ7FY=",
        "owner": "NixOS",
        "repo": "nixpkgs",
        "rev": "6b316287bae2ee04c9b93c8c858d930fd07d7338",
        "type": "github"
      },
      "original": {
        "owner": "NixOS",
        "ref": "nixos-26.05",
        "repo": "nixpkgs",
        "type": "github"
      }
    },
    "nixpkgs_4": {
      "locked": {
        "lastModified": 1708566995,
        "narHash": "sha256-e/THimsoxxMAHSbwMKov5f5Yg+utTj6XVGEo24Lhx+0=",
        "owner": "nixos",
        "repo": "nixpkgs",
        "rev": "3cb4ae6689d2aa3f363516234572613b31212b78",
        "type": "github"
      },
      "original": {
        "owner": "nixos",
        "ref": "nixos-23.11",
        "repo": "nixpkgs",
        "type": "github"
      }
    },
    "nixvim": {
      "inputs": {
        "flake-parts": "flake-parts",
        "nixpkgs": "nixpkgs_3",
        "systems": "systems"
      },
      "locked": {
        "lastModified": 1781287895,
        "narHash": "sha256-980eQ7c4HeblAy/gUxrYw9GmZHerC9qsjG/2NsbT0Xo=",
        "owner": "nix-community",
        "repo": "nixvim",
        "rev": "d5a4ff853474e0459402ff307545c6df70b267e6",
        "type": "github"
      },
      "original": {
        "owner": "nix-community",
        "ref": "nixos-26.05",
        "repo": "nixvim",
        "type": "github"
      }
    },
    "root": {
      "inputs": {
        "betterfox": "betterfox",
        "catppuccin-firefox": "catppuccin-firefox",
        "danksearch": "danksearch",
        "dgop": "dgop",
        "disko": "disko",
        "dms": "dms",
        "flakehub": "flakehub",
        "home-manager": "home-manager",
        "nixpkgs": "nixpkgs_2",
        "nixvim": "nixvim",
        "sops-nix": "sops-nix",
        "thunderbird-catppuccin": "thunderbird-catppuccin"
      }
    },
    "rust-analyzer-src": {
      "flake": false,
      "locked": {
        "lastModified": 1777583169,
        "narHash": "sha256-dVJ4+wrRKc8oIgp3rLOFSq1obt/sCKlXy3h47qof/w0=",
        "owner": "rust-lang",
        "repo": "rust-analyzer",
        "rev": "aa64e4828a2bbba44463c1229a81c748d3cce583",
        "type": "github"
      },
      "original": {
        "owner": "rust-lang",
        "ref": "nightly",
        "repo": "rust-analyzer",
        "type": "github"
      }
    },
    "sops-nix": {
      "inputs": {
        "nixpkgs": [
          "nixpkgs"
        ]
      },
      "locked": {
        "lastModified": 1780547341,
        "narHash": "sha256-Gq8KNx5A7hBB3uGJaj6eQfLDIz5YdLu92gqBcvHvoUo=",
        "owner": "Mic92",
        "repo": "sops-nix",
        "rev": "9ed65852b6257fbeae4355bc24ecfea307ca759a",
        "type": "github"
      },
      "original": {
        "owner": "Mic92",
        "repo": "sops-nix",
        "type": "github"
      }
    },
    "systems": {
      "locked": {
        "lastModified": 1681028828,
        "narHash": "sha256-Vy1rq5AaRuLzOxct8nz4T6wlgyUR7zLU309k9mBC768=",
        "owner": "nix-systems",
        "repo": "default",
        "rev": "da67096a3b9bf56a91d16901293e51ba5b49a27e",
        "type": "github"
      },
      "original": {
        "owner": "nix-systems",
        "repo": "default",
        "type": "github"
      }
    },
    "systems_2": {
      "locked": {
        "lastModified": 1681028828,
        "narHash": "sha256-Vy1rq5AaRuLzOxct8nz4T6wlgyUR7zLU309k9mBC768=",
        "owner": "nix-systems",
        "repo": "default",
        "rev": "da67096a3b9bf56a91d16901293e51ba5b49a27e",
        "type": "github"
      },
      "original": {
        "owner": "nix-systems",
        "repo": "default",
        "type": "github"
      }
    },
    "thunderbird-catppuccin": {
      "inputs": {
        "flake-utils": "flake-utils",
        "nixpkgs": "nixpkgs_4"
      },
      "locked": {
        "lastModified": 1730465032,
        "narHash": "sha256-07gT37m1+OhRTbUk51l0Nhx+I+tl1il5ayx2ow23APY=",
        "owner": "catppuccin",
        "repo": "thunderbird",
        "rev": "0289f3bd9566f9666682f66a3355155c0d0563fc",
        "type": "github"
      },
      "original": {
        "owner": "catppuccin",
        "repo": "thunderbird",
        "type": "github"
      }
    }
  },
  "root": "root",
  "version": 7
}
